
Microsoft Visual Studio Solution File, Format Version 12.00
# Visual Studio Version 17
VisualStudioVersion = 17.0.32112.339
MinimumVisualStudioVersion = 10.0.40219.1
Project("{FAE04EC0-301F-11D3-BF4B-00C04F79EFBC}") = "tpModul4_1302201138", "tpModul4_1302201138.csproj", "{C4F8265B-718E-4CE6-A4EF-91F24AB64993}"
EndProject
Global
	GlobalSection(SolutionConfigurationPlatforms) = preSolution
		Debug|Any CPU = Debug|Any CPU
		Release|Any CPU = Release|Any CPU
	EndGlobalSection
	GlobalSection(ProjectConfigurationPlatforms) = postSolution
		{C4F8265B-718E-4CE6-A4EF-91F24AB64993}.Debug|Any CPU.ActiveCfg = Debug|Any CPU
		{C4F8265B-718E-4CE6-A4EF-91F24AB64993}.Debug|Any CPU.Build.0 = Debug|Any CPU
		{C4F8265B-718E-4CE6-A4EF-91F24AB64993}.Release|Any CPU.ActiveCfg = Release|Any CPU
		{C4F8265B-718E-4CE6-A4EF-91F24AB64993}.Release|Any CPU.Build.0 = Release|Any CPU
	EndGlobalSection
	GlobalSection(SolutionProperties) = preSolution
		HideSolutionNode = FALSE
	EndGlobalSection
	GlobalSection(ExtensibilityGlobals) = postSolution
		SolutionGuid = {3B144280-BE90-46D7-BB0E-2B0C59B19CB0}
	EndGlobalSection
EndGlobal
